github.com/BurntSushi/toml v0.3.1 h1:WXkYYl6Yr3qBf1K79EBnL4mak0OimBfB0XUf9Vl28OQ=
github.com/BurntSushi/toml v0.3.1/go.mod h1:xHWCNGjB5oqiDr8zfno3MHue2Ht5sIBksp03qcyfWMU=
github.com/chuckha/kepval v0.0.0-20190723035440-652e07e70444 h1:eXfMBjEBR6xgX7LUJU6EigqYQGFOCnaei+bLtIJmZ68=
github.com/chuckha/kepval v0.0.0-20190723035440-652e07e70444/go.mod h1:kH4vi02JxvUemkaVxrITckg5/pS+TTOh9RePjBGOqaM=
github.com/client9/misspell v0.3.4 h1:ta993UF76GwbvJcIo3Y68y/M3WxlpEHPWIGDkJYwzJI=
github.com/client9/misspell v0.3.4/go.mod h1:qj6jICC3Q7zFZvVWo7KLAzC3yx5G7kyvSDkc90ppPyw=
github.com/davecgh/go-spew v1.1.0/go.mod h1:J7Y8YcW2NihsgmVo/mv3lAwl/skON4iLHjSsI+c5H38=
github.com/ekalinin/github-markdown-toc v0.0.0-20190514155158-83fadb60a7f1/go.mod h1:XfZS1iyC28CnllR54Ou2Ero6qs4Rmn7GpVumNSj1DZo=
github.com/gomarkdown/markdown v0.0.0-20190222000725-ee6a7931a1e4 h1:vELsocEzlhM4lk2nhxolEaQrMp25u7/i9IX8s9uLads=
github.com/gomarkdown/markdown v0.0.0-20190222000725-ee6a7931a1e4/go.mod h1:gmFANS06wAVmF0B9yi65QKsRmPQ97tze7FRLswua+OY=
github.com/mmarkdown/mmark v2.0.40+incompatible h1:vMeUeDzBK3H+/mU0oMVfMuhSXJlIA+DE/DMPQNAj5C4=
github.com/mmarkdown/mmark v2.0.40+incompatible/go.mod h1:Uvmoz7tvsWpr7bMVxIpqZPyN3FbOtzDmnsJDFp7ltJs=
github.com/pkg/errors v0.8.1 h1:iURUrRGxPUNPdy5/HRSm+Yj6okJ6UtLINN0Q9M4+h3I=
github.com/pkg/errors v0.8.1/go.mod h1:bwawxfHBFNV+L2hUp1rHADufV3IMtnDRdf1r5NINEl0=
github.com/pmezard/go-difflib v1.0.0/go.mod h1:iKH77koFhYxTK1pcRnkKkqfTogsbg7gZNVY4sRDYZ/4=
github.com/stretchr/objx v0.1.0/go.mod h1:HFkY916IF+rwdDfMAkV7OtwuqBVzrE8GR6GFx+wExME=
github.com/stretchr/testify v1.3.0/go.mod h1:M5WIy9Dh21IEIfnGCwXGc5bZfKNJtfHm1UVUgZn+9EI=
github.com/tallclair/mdtoc v0.0.0-20190627191617-4dc3d6f90813 h1:1Q3NGZNH8/oSGhSe0J8WjkFCeIOb0JSy7M4RpqY64XI=
github.com/tallclair/mdtoc v0.0.0-20190627191617-4dc3d6f90813/go.mod h1:BjDk9nfX4091pXLHhvf6Ejr4/r//9NslWmweWb2Hkbs=
gopkg.in/check.v1 v0.0.0-20161208181325-20d25e280405/go.mod h1:Co6ibVJAznAaIkqp8huTwlJQCZ016jof/cbN4VW5Yz0=
gopkg.in/yaml.v2 v2.2.2 h1:ZCJp+EgiOT7lHqUV2J862kp8Qj64Jo6az82+3Td9dZw=
gopkg.in/yaml.v2 v2.2.2/go.mod h1:hI93XBmqTisBFMUTm0b8Fm+jr3Dg1NNxqwp+5A1VGuI=
