# This file is autogenerated, do not edit; changes may be undone by the next 'dep ensure'.


[[projects]]
  digest = "1:5d72bbcc9c8667b11c3dc3cbe681c5a6f71e5096744c0bf7726ab5c6425d5dc4"
  name = "github.com/BurntSushi/toml"
  packages = ["."]
  pruneopts = "NUT"
  revision = "3012a1dbe2e4bd1391d42b32f0577cb7bbc7f005"
  version = "v0.3.1"

[[projects]]
  digest = "1:a58083c7c5f9e83cc3bc1af06f53b92693ed6cbdf691a1f3a14dcb2bcee2f53c"
  name = "github.com/client9/misspell"
  packages = [
    ".",
    "cmd/misspell",
  ]
  pruneopts = "NUT"
  revision = "b90dc15cfd220ecf8bbc9043ecb928cef381f011"
  version = "v0.3.4"

[[projects]]
  branch = "master"
  digest = "1:fa00453058eec42be8719a614e6095d430967ec4b719261c1629dd7137660dc1"
  name = "github.com/gomarkdown/markdown"
  packages = [
    "ast",
    "html",
    "parser",
  ]
  pruneopts = "NUT"
  revision = "ee6a7931a1e4b802c9ff93e4dabcabacf4cb91db"

[[projects]]
  digest = "1:210cea9c2681a8bf80b61541cd28b6088fec18acdeb4f7d2adf8bfefc6539e78"
  name = "github.com/mmarkdown/mmark"
  packages = [
    "mast",
    "mast/reference",
    "mparser",
  ]
  pruneopts = "NUT"
  revision = "b7bd496e58104b0ade582577ab57a7458cad0188"
  version = "v2.0.46"

[[projects]]
  branch = "master"
  digest = "1:fb6bf60699d5d6e82e587b28fbb12972c4b2afe1ff787997be7edbe2af85705e"
  name = "github.com/tallclair/mdtoc"
  packages = ["."]
  pruneopts = "NUT"
  revision = "4dc3d6f908138504b02a1766f1f8ea282d6bdd7c"

[solve-meta]
  analyzer-name = "dep"
  analyzer-version = 1
  input-imports = [
    "github.com/client9/misspell/cmd/misspell",
    "github.com/tallclair/mdtoc",
  ]
  solver-name = "gps-cdcl"
  solver-version = 1
